
Microsoft Visual Studio Solution File, Format Version 12.00
# Visual Studio Version 17
VisualStudioVersion = 17.7.34202.233
MinimumVisualStudioVersion = 10.0.40219.1
Project("{FAE04EC0-301F-11D3-BF4B-00C04F79EFBC}") = "Lab1Q7", "Lab1Q7.csproj", "{2EEABE58-E3E2-4DA6-9B34-7C66B524538E}"
EndProject
Global
	GlobalSection(SolutionConfigurationPlatforms) = preSolution
		Debug|Any CPU = Debug|Any CPU
		Release|Any CPU = Release|Any CPU
	EndGlobalSection
	GlobalSection(ProjectConfigurationPlatforms) = postSolution
		{2EEABE58-E3E2-4DA6-9B34-7C66B524538E}.Debug|Any CPU.ActiveCfg = Debug|Any CPU
		{2EEABE58-E3E2-4DA6-9B34-7C66B524538E}.Debug|Any CPU.Build.0 = Debug|Any CPU
		{2EEABE58-E3E2-4DA6-9B34-7C66B524538E}.Release|Any CPU.ActiveCfg = Release|Any CPU
		{2EEABE58-E3E2-4DA6-9B34-7C66B524538E}.Release|Any CPU.Build.0 = Release|Any CPU
	EndGlobalSection
	GlobalSection(SolutionProperties) = preSolution
		HideSolutionNode = FALSE
	EndGlobalSection
	GlobalSection(ExtensibilityGlobals) = postSolution
		SolutionGuid = {27F3311D-D5E5-4736-9B4D-59BDB0BB4485}
	EndGlobalSection
EndGlobal
