
Microsoft Visual Studio Solution File, Format Version 12.00
# Visual Studio Version 17
VisualStudioVersion = 17.7.34202.233
MinimumVisualStudioVersion = 10.0.40219.1
Project("{FAE04EC0-301F-11D3-BF4B-00C04F79EFBC}") = "Lab2Q2", "Lab2Q2.csproj", "{737FD3D4-6014-4509-950D-D5A6A9D31196}"
EndProject
Global
	GlobalSection(SolutionConfigurationPlatforms) = preSolution
		Debug|Any CPU = Debug|Any CPU
		Release|Any CPU = Release|Any CPU
	EndGlobalSection
	GlobalSection(ProjectConfigurationPlatforms) = postSolution
		{737FD3D4-6014-4509-950D-D5A6A9D31196}.Debug|Any CPU.ActiveCfg = Debug|Any CPU
		{737FD3D4-6014-4509-950D-D5A6A9D31196}.Debug|Any CPU.Build.0 = Debug|Any CPU
		{737FD3D4-6014-4509-950D-D5A6A9D31196}.Release|Any CPU.ActiveCfg = Release|Any CPU
		{737FD3D4-6014-4509-950D-D5A6A9D31196}.Release|Any CPU.Build.0 = Release|Any CPU
	EndGlobalSection
	GlobalSection(SolutionProperties) = preSolution
		HideSolutionNode = FALSE
	EndGlobalSection
	GlobalSection(ExtensibilityGlobals) = postSolution
		SolutionGuid = {C28320E1-C260-4F4C-95B7-565A81D03F63}
	EndGlobalSection
EndGlobal
